
Microsoft Visual Studio Solution File, Format Version 12.00
# Visual Studio 15
VisualStudioVersion = 15.0.26730.10
MinimumVisualStudioVersion = 10.0.40219.1
Project("{8BC9CEB8-8B4A-11D0-8D11-00A0C91BC942}") = "Project1", "Project1\Project1.vcxproj", "{6C2FE9D5-B8AD-495A-8573-8C5AB291B84F}"
EndProject
Global
	GlobalSection(SolutionConfigurationPlatforms) = preSolution
		Debug|x64 = Debug|x64
		Debug|x86 = Debug|x86
		Release|x64 = Release|x64
		Release|x86 = Release|x86
	EndGlobalSection
	GlobalSection(ProjectConfigurationPlatforms) = postSolution
		{6C2FE9D5-B8AD-495A-8573-8C5AB291B84F}.Debug|x64.ActiveCfg = Debug|x64
		{6C2FE9D5-B8AD-495A-8573-8C5AB291B84F}.Debug|x64.Build.0 = Debug|x64
		{6C2FE9D5-B8AD-495A-8573-8C5AB291B84F}.Debug|x86.ActiveCfg = Debug|Win32
		{6C2FE9D5-B8AD-495A-8573-8C5AB291B84F}.Debug|x86.Build.0 = Debug|Win32
		{6C2FE9D5-B8AD-495A-8573-8C5AB291B84F}.Release|x64.ActiveCfg = Release|x64
		{6C2FE9D5-B8AD-495A-8573-8C5AB291B84F}.Release|x64.Build.0 = Release|x64
		{6C2FE9D5-B8AD-495A-8573-8C5AB291B84F}.Release|x86.ActiveCfg = Release|Win32
		{6C2FE9D5-B8AD-495A-8573-8C5AB291B84F}.Release|x86.Build.0 = Release|Win32
	EndGlobalSection
	GlobalSection(SolutionProperties) = preSolution
		HideSolutionNode = FALSE
	EndGlobalSection
	GlobalSection(ExtensibilityGlobals) = postSolution
		SolutionGuid = {CECE8CDD-26F0-4FDD-95A3-6C088D6F0143}
	EndGlobalSection
EndGlobal
